// !$*UTF8*$!
{
	archiveVersion = 1;
	classes = {
	};
	objectVersion = 50;
	objects = {

/* Begin PBXBuildFile section */
		0C237AB125DDEBC9003764A8 /* AppDelegate.swift in Sources */ = {isa = PBXBuildFile; fileRef = 0C237AB025DDEBC9003764A8 /* AppDelegate.swift */; };
		0C237AB325DDEBC9003764A8 /* SceneDelegate.swift in Sources */ = {isa = PBXBuildFile; fileRef = 0C237AB225DDEBC9003764A8 /* SceneDelegate.swift */; };
		0C237AB825DDEBC9003764A8 /* Main.storyboard in Resources */ = {isa = PBXBuildFile; fileRef = 0C237AB625DDEBC9003764A8 /* Main.storyboard */; };
		0C237ABA25DDEBCA003764A8 /* Assets.xcassets in Resources */ = {isa = PBXBuildFile; fileRef = 0C237AB925DDEBCA003764A8 /* Assets.xcassets */; };
		0C237ABD25DDEBCA003764A8 /* LaunchScreen.storyboard in Resources */ = {isa = PBXBuildFile; fileRef = 0C237ABB25DDEBCA003764A8 /* LaunchScreen.storyboard */; };
		0C237AC825DDEBCA003764A8 /* MovieTests.swift in Sources */ = {isa = PBXBuildFile; fileRef = 0C237AC725DDEBCA003764A8 /* MovieTests.swift */; };
		0C237AD325DDEBCA003764A8 /* MovieUITests.swift in Sources */ = {isa = PBXBuildFile; fileRef = 0C237AD225DDEBCA003764A8 /* MovieUITests.swift */; };
		0C237AE725DDEC73003764A8 /* MovieViewController.swift in Sources */ = {isa = PBXBuildFile; fileRef = 0C237AE625DDEC73003764A8 /* MovieViewController.swift */; };
		0C237AEC25DDF9F4003764A8 /* MovieCell.swift in Sources */ = {isa = PBXBuildFile; fileRef = 0C237AEB25DDF9F4003764A8 /* MovieCell.swift */; };
		2D6E27069A0599C9463F0F9A /* Pods_MovieTests.framework in Frameworks */ = {isa = PBXBuildFile; fileRef = B3B88EB8989013554A0FE18A /* Pods_MovieTests.framework */; };
		C69847B5C61BA9A79A46BFFB /* Pods_Movie.framework in Frameworks */ = {isa = PBXBuildFile; fileRef = 8E33D98EA9F7CFC2C69F4C7C /* Pods_Movie.framework */; };
		FED6C21E7EECD78D8C079F45 /* Pods_Movie_MovieUITests.framework in Frameworks */ = {isa = PBXBuildFile; fileRef = 95331777D2348FA56B08B6E0 /* Pods_Movie_MovieUITests.framework */; };
/* End PBXBuildFile section */

/* Begin PBXContainerItemProxy section */
		0C237AC425DDEBCA003764A8 /* PBXContainerItemProxy */ = {
			isa = PBXContainerItemProxy;
			containerPortal = 0C237AA525DDEBC9003764A8 /* Project object */;
			proxyType = 1;
			remoteGlobalIDString = 0C237AAC25DDEBC9003764A8;
			remoteInfo = Movie;
		};
		0C237ACF25DDEBCA003764A8 /* PBXContainerItemProxy */ = {
			isa = PBXContainerItemProxy;
			containerPortal = 0C237AA525DDEBC9003764A8 /* Project object */;
			proxyType = 1;
			remoteGlobalIDString = 0C237AAC25DDEBC9003764A8;
			remoteInfo = Movie;
		};
/* End PBXContainerItemProxy section */

/* Begin PBXFileReference section */
		082578905858851D827464C6 /* Pods-Movie.debug.xcconfig */ = {isa = PBXFileReference; includeInIndex = 1; lastKnownFileType = text.xcconfig; name = "Pods-Movie.debug.xcconfig"; path = "Target Support Files/Pods-Movie/Pods-Movie.debug.xcconfig"; sourceTree = "<group>"; };
		0842D7F7D7C536C9E02F734B /* Pods-MovieTests.debug.xcconfig */ = {isa = PBXFileReference; includeInIndex = 1; lastKnownFileType = text.xcconfig; name = "Pods-MovieTests.debug.xcconfig"; path = "Target Support Files/Pods-MovieTests/Pods-MovieTests.debug.xcconfig"; sourceTree = "<group>"; };
		0C237AAD25DDEBC9003764A8 /* Movie.app */ = {isa = PBXFileReference; explicitFileType = wrapper.application; includeInIndex = 0; path = Movie.app; sourceTree = BUILT_PRODUCTS_DIR; };
		0C237AB025DDEBC9003764A8 /* AppDelegate.swift */ = {isa = PBXFileReference; lastKnownFileType = sourcecode.swift; path = AppDelegate.swift; sourceTree = "<group>"; };
		0C237AB225DDEBC9003764A8 /* SceneDelegate.swift */ = {isa = PBXFileReference; lastKnownFileType = sourcecode.swift; path = SceneDelegate.swift; sourceTree = "<group>"; };
		0C237AB725DDEBC9003764A8 /* Base */ = {isa = PBXFileReference; lastKnownFileType = file.storyboard; name = Base; path = Base.lproj/Main.storyboard; sourceTree = "<group>"; };
		0C237AB925DDEBCA003764A8 /* Assets.xcassets */ = {isa = PBXFileReference; lastKnownFileType = folder.assetcatalog; path = Assets.xcassets; sourceTree = "<group>"; };
		0C237ABC25DDEBCA003764A8 /* Base */ = {isa = PBXFileReference; lastKnownFileType = file.storyboard; name = Base; path = Base.lproj/LaunchScreen.storyboard; sourceTree = "<group>"; };
		0C237ABE25DDEBCA003764A8 /* Info.plist */ = {isa = PBXFileReference; lastKnownFileType = text.plist.xml; path = Info.plist; sourceTree = "<group>"; };
		0C237AC325DDEBCA003764A8 /* MovieTests.xctest */ = {isa = PBXFileReference; explicitFileType = wrapper.cfbundle; includeInIndex = 0; path = MovieTests.xctest; sourceTree = BUILT_PRODUCTS_DIR; };
		0C237AC725DDEBCA003764A8 /* MovieTests.swift */ = {isa = PBXFileReference; lastKnownFileType = sourcecode.swift; path = MovieTests.swift; sourceTree = "<group>"; };
		0C237AC925DDEBCA003764A8 /* Info.plist */ = {isa = PBXFileReference; lastKnownFileType = text.plist.xml; path = Info.plist; sourceTree = "<group>"; };
		0C237ACE25DDEBCA003764A8 /* MovieUITests.xctest */ = {isa = PBXFileReference; explicitFileType = wrapper.cfbundle; includeInIndex = 0; path = MovieUITests.xctest; sourceTree = BUILT_PRODUCTS_DIR; };
		0C237AD225DDEBCA003764A8 /* MovieUITests.swift */ = {isa = PBXFileReference; lastKnownFileType = sourcecode.swift; path = MovieUITests.swift; sourceTree = "<group>"; };
		0C237AD425DDEBCA003764A8 /* Info.plist */ = {isa = PBXFileReference; lastKnownFileType = text.plist.xml; path = Info.plist; sourceTree = "<group>"; };
		0C237AE625DDEC73003764A8 /* MovieViewController.swift */ = {isa = PBXFileReference; lastKnownFileType = sourcecode.swift; path = MovieViewController.swift; sourceTree = "<group>"; };
		0C237AEB25DDF9F4003764A8 /* MovieCell.swift */ = {isa = PBXFileReference; lastKnownFileType = sourcecode.swift; path = MovieCell.swift; sourceTree = "<group>"; };
		63FEF4A4C2520B81D6A5BC2C /* Pods-Movie-MovieUITests.debug.xcconfig */ = {isa = PBXFileReference; includeInIndex = 1; lastKnownFileType = text.xcconfig; name = "Pods-Movie-MovieUITests.debug.xcconfig"; path = "Target Support Files/Pods-Movie-MovieUITests/Pods-Movie-MovieUITests.debug.xcconfig"; sourceTree = "<group>"; };
		8E33D98EA9F7CFC2C69F4C7C /* Pods_Movie.framework */ = {isa = PBXFileReference; explicitFileType = wrapper.framework; includeInIndex = 0; path = Pods_Movie.framework; sourceTree = BUILT_PRODUCTS_DIR; };
		95331777D2348FA56B08B6E0 /* Pods_Movie_MovieUITests.framework */ = {isa = PBXFileReference; explicitFileType = wrapper.framework; includeInIndex = 0; path = Pods_Movie_MovieUITests.framework; sourceTree = BUILT_PRODUCTS_DIR; };
		95403FE701866653D08FF72B /* Pods-Movie.release.xcconfig */ = {isa = PBXFileReference; includeInIndex = 1; lastKnownFileType = text.xcconfig; name = "Pods-Movie.release.xcconfig"; path = "Target Support Files/Pods-Movie/Pods-Movie.release.xcconfig"; sourceTree = "<group>"; };
		B3B88EB8989013554A0FE18A /* Pods_MovieTests.framework */ = {isa = PBXFileReference; explicitFileType = wrapper.framework; includeInIndex = 0; path = Pods_MovieTests.framework; sourceTree = BUILT_PRODUCTS_DIR; };
		C96DB71D8EE0D70FFD92472B /* Pods-Movie-MovieUITests.release.xcconfig */ = {isa = PBXFileReference; includeInIndex = 1; lastKnownFileType = text.xcconfig; name = "Pods-Movie-MovieUITests.release.xcconfig"; path = "Target Support Files/Pods-Movie-MovieUITests/Pods-Movie-MovieUITests.release.xcconfig"; sourceTree = "<group>"; };
		F9C0DF48566157C7611ED989 /* Pods-MovieTests.release.xcconfig */ = {isa = PBXFileReference; includeInIndex = 1; lastKnownFileType = text.xcconfig; name = "Pods-MovieTests.release.xcconfig"; path = "Target Support Files/Pods-MovieTests/Pods-MovieTests.release.xcconfig"; sourceTree = "<group>"; };
/* End PBXFileReference section */

/* Begin PBXFrameworksBuildPhase section */
		0C237AAA25DDEBC9003764A8 /* Frameworks */ = {
			isa = PBXFrameworksBuildPhase;
			buildActionMask = 2147483647;
			files = (
				C69847B5C61BA9A79A46BFFB /* Pods_Movie.framework in Frameworks */,
			);
			runOnlyForDeploymentPostprocessing = 0;
		};
		0C237AC025DDEBCA003764A8 /* Frameworks */ = {
			isa = PBXFrameworksBuildPhase;
			buildActionMask = 2147483647;
			files = (
				2D6E27069A0599C9463F0F9A /* Pods_MovieTests.framework in Frameworks */,
			);
			runOnlyForDeploymentPostprocessing = 0;
		};
		0C237ACB25DDEBCA003764A8 /* Frameworks */ = {
			isa = PBXFrameworksBuildPhase;
			buildActionMask = 2147483647;
			files = (
				FED6C21E7EECD78D8C079F45 /* Pods_Movie_MovieUITests.framework in Frameworks */,
			);
			runOnlyForDeploymentPostprocessing = 0;
		};
/* End PBXFrameworksBuildPhase section */

/* Begin PBXGroup section */
		0C237AA425DDEBC9003764A8 = {
			isa = PBXGroup;
			children = (
				0C237AAF25DDEBC9003764A8 /* Movie */,
				0C237AC625DDEBCA003764A8 /* MovieTests */,
				0C237AD125DDEBCA003764A8 /* MovieUITests */,
				0C237AAE25DDEBC9003764A8 /* Products */,
				980AFEB31722473F97F02437 /* Pods */,
				6D37F0EFF1A7479E8FECDC61 /* Frameworks */,
			);
			sourceTree = "<group>";
		};
		0C237AAE25DDEBC9003764A8 /* Products */ = {
			isa = PBXGroup;
			children = (
				0C237AAD25DDEBC9003764A8 /* Movie.app */,
				0C237AC325DDEBCA003764A8 /* MovieTests.xctest */,
				0C237ACE25DDEBCA003764A8 /* MovieUITests.xctest */,
			);
			name = Products;
			sourceTree = "<group>";
		};
		0C237AAF25DDEBC9003764A8 /* Movie */ = {
			isa = PBXGroup;
			children = (
				0C237AB025DDEBC9003764A8 /* AppDelegate.swift */,
				0C237AB225DDEBC9003764A8 /* SceneDelegate.swift */,
				0C237AB625DDEBC9003764A8 /* Main.storyboard */,
				0C237AB925DDEBCA003764A8 /* Assets.xcassets */,
				0C237ABB25DDEBCA003764A8 /* LaunchScreen.storyboard */,
				0C237ABE25DDEBCA003764A8 /* Info.plist */,
				0C237AE625DDEC73003764A8 /* MovieViewController.swift */,
				0C237AEB25DDF9F4003764A8 /* MovieCell.swift */,
			);
			path = Movie;
			sourceTree = "<group>";
		};
		0C237AC625DDEBCA003764A8 /* MovieTests */ = {
			isa = PBXGroup;
			children = (
				0C237AC725DDEBCA003764A8 /* MovieTests.swift */,
				0C237AC925DDEBCA003764A8 /* Info.plist */,
			);
			path = MovieTests;
			sourceTree = "<group>";
		};
		0C237AD125DDEBCA003764A8 /* MovieUITests */ = {
			isa = PBXGroup;
			children = (
				0C237AD225DDEBCA003764A8 /* MovieUITests.swift */,
				0C237AD425DDEBCA003764A8 /* Info.plist */,
			);
			path = MovieUITests;
			sourceTree = "<group>";
		};
		6D37F0EFF1A7479E8FECDC61 /* Frameworks */ = {
			isa = PBXGroup;
			children = (
				8E33D98EA9F7CFC2C69F4C7C /* Pods_Movie.framework */,
				95331777D2348FA56B08B6E0 /* Pods_Movie_MovieUITests.framework */,
				B3B88EB8989013554A0FE18A /* Pods_MovieTests.framework */,
			);
			name = Frameworks;
			sourceTree = "<group>";
		};
		980AFEB31722473F97F02437 /* Pods */ = {
			isa = PBXGroup;
			children = (
				082578905858851D827464C6 /* Pods-Movie.debug.xcconfig */,
				95403FE701866653D08FF72B /* Pods-Movie.release.xcconfig */,
				63FEF4A4C2520B81D6A5BC2C /* Pods-Movie-MovieUITests.debug.xcconfig */,
				C96DB71D8EE0D70FFD92472B /* Pods-Movie-MovieUITests.release.xcconfig */,
				0842D7F7D7C536C9E02F734B /* Pods-MovieTests.debug.xcconfig */,
				F9C0DF48566157C7611ED989 /* Pods-MovieTests.release.xcconfig */,
			);
			name = Pods;
			path = Pods;
			sourceTree = "<group>";
		};
/* End PBXGroup section */

/* Begin PBXNativeTarget section */
		0C237AAC25DDEBC9003764A8 /* Movie */ = {
			isa = PBXNativeTarget;
			buildConfigurationList = 0C237AD725DDEBCA003764A8 /* Build configuration list for PBXNativeTarget "Movie" */;
			buildPhases = (
				D5D83715F6517A44294BF52B /* [CP] Check Pods Manifest.lock */,
				0C237AA925DDEBC9003764A8 /* Sources */,
				0C237AAA25DDEBC9003764A8 /* Frameworks */,
				0C237AAB25DDEBC9003764A8 /* Resources */,
				9A95FC724C1AABB28C4AD653 /* [CP] Embed Pods Frameworks */,
			);
			buildRules = (
			);
			dependencies = (
			);
			name = Movie;
			productName = Movie;
			productReference = 0C237AAD25DDEBC9003764A8 /* Movie.app */;
			productType = "com.apple.product-type.application";
		};
		0C237AC225DDEBCA003764A8 /* MovieTests */ = {
			isa = PBXNativeTarget;
			buildConfigurationList = 0C237ADA25DDEBCA003764A8 /* Build configuration list for PBXNativeTarget "MovieTests" */;
			buildPhases = (
				B01F263537638403B7F9E9DA /* [CP] Check Pods Manifest.lock */,
				0C237ABF25DDEBCA003764A8 /* Sources */,
				0C237AC025DDEBCA003764A8 /* Frameworks */,
				0C237AC125DDEBCA003764A8 /* Resources */,
			);
			buildRules = (
			);
			dependencies = (
				0C237AC525DDEBCA003764A8 /* PBXTargetDependency */,
			);
			name = MovieTests;
			productName = MovieTests;
			productReference = 0C237AC325DDEBCA003764A8 /* MovieTests.xctest */;
			productType = "com.apple.product-type.bundle.unit-test";
		};
		0C237ACD25DDEBCA003764A8 /* MovieUITests */ = {
			isa = PBXNativeTarget;
			buildConfigurationList = 0C237ADD25DDEBCA003764A8 /* Build configuration list for PBXNativeTarget "MovieUITests" */;
			buildPhases = (
				3ADF3CD0D943D49860C2D6DE /* [CP] Check Pods Manifest.lock */,
				0C237ACA25DDEBCA003764A8 /* Sources */,
				0C237ACB25DDEBCA003764A8 /* Frameworks */,
				0C237ACC25DDEBCA003764A8 /* Resources */,
				0DA8BC8529D7F0BEF4447149 /* [CP] Embed Pods Frameworks */,
			);
			buildRules = (
			);
			dependencies = (
				0C237AD025DDEBCA003764A8 /* PBXTargetDependency */,
			);
			name = MovieUITests;
			productName = MovieUITests;
			productReference = 0C237ACE25DDEBCA003764A8 /* MovieUITests.xctest */;
			productType = "com.apple.product-type.bundle.ui-testing";
		};
/* End PBXNativeTarget section */

/* Begin PBXProject section */
		0C237AA525DDEBC9003764A8 /* Project object */ = {
			isa = PBXProject;
			attributes = {
				LastSwiftUpdateCheck = 1240;
				LastUpgradeCheck = 1240;
				TargetAttributes = {
					0C237AAC25DDEBC9003764A8 = {
						CreatedOnToolsVersion = 12.4;
					};
					0C237AC225DDEBCA003764A8 = {
						CreatedOnToolsVersion = 12.4;
						TestTargetID = 0C237AAC25DDEBC9003764A8;
					};
					0C237ACD25DDEBCA003764A8 = {
						CreatedOnToolsVersion = 12.4;
						TestTargetID = 0C237AAC25DDEBC9003764A8;
					};
				};
			};
			buildConfigurationList = 0C237AA825DDEBC9003764A8 /* Build configuration list for PBXProject "Movie" */;
			compatibilityVersion = "Xcode 9.3";
			developmentRegion = en;
			hasScannedForEncodings = 0;
			knownRegions = (
				en,
				Base,
			);
			mainGroup = 0C237AA425DDEBC9003764A8;
			productRefGroup = 0C237AAE25DDEBC9003764A8 /* Products */;
			projectDirPath = "";
			projectRoot = "";
			targets = (
				0C237AAC25DDEBC9003764A8 /* Movie */,
				0C237AC225DDEBCA003764A8 /* MovieTests */,
				0C237ACD25DDEBCA003764A8 /* MovieUITests */,
			);
		};
/* End PBXProject section */

/* Begin PBXResourcesBuildPhase section */
		0C237AAB25DDEBC9003764A8 /* Resources */ = {
			isa = PBXResourcesBuildPhase;
			buildActionMask = 2147483647;
			files = (
				0C237ABD25DDEBCA003764A8 /* LaunchScreen.storyboard in Resources */,
				0C237ABA25DDEBCA003764A8 /* Assets.xcassets in Resources */,
				0C237AB825DDEBC9003764A8 /* Main.storyboard in Resources */,
			);
			runOnlyForDeploymentPostprocessing = 0;
		};
		0C237AC125DDEBCA003764A8 /* Resources */ = {
			isa = PBXResourcesBuildPhase;
			buildActionMask = 2147483647;
			files = (
			);
			runOnlyForDeploymentPostprocessing = 0;
		};
		0C237ACC25DDEBCA003764A8 /* Resources */ = {
			isa = PBXResourcesBuildPhase;
			buildActionMask = 2147483647;
			files = (
			);
			runOnlyForDeploymentPostprocessing = 0;
		};
/* End PBXResourcesBuildPhase section */

/* Begin PBXShellScriptBuildPhase section */
		0DA8BC8529D7F0BEF4447149 /* [CP] Embed Pods Frameworks */ = {
			isa = PBXShellScriptBuildPhase;
			buildActionMask = 2147483647;
			files = (
			);
			inputFileListPaths = (
				"${PODS_ROOT}/Target Support Files/Pods-Movie-MovieUITests/Pods-Movie-MovieUITests-frameworks-${CONFIGURATION}-input-files.xcfilelist",
			);
			name = "[CP] Embed Pods Frameworks";
			outputFileListPaths = (
				"${PODS_ROOT}/Target Support Files/Pods-Movie-MovieUITests/Pods-Movie-MovieUITests-frameworks-${CONFIGURATION}-output-files.xcfilelist",
			);
			runOnlyForDeploymentPostprocessing = 0;
			shellPath = /bin/sh;
			shellScript = "\"${PODS_ROOT}/Target Support Files/Pods-Movie-MovieUITests/Pods-Movie-MovieUITests-frameworks.sh\"\n";
			showEnvVarsInLog = 0;
		};
		3ADF3CD0D943D49860C2D6DE /* [CP] Check Pods Manifest.lock */ = {
			isa = PBXShellScriptBuildPhase;
			buildActionMask = 2147483647;
			files = (
			);
			inputFileListPaths = (
			);
			inputPaths = (
				"${PODS_PODFILE_DIR_PATH}/Podfile.lock",
				"${PODS_ROOT}/Manifest.lock",
			);
			name = "[CP] Check Pods Manifest.lock";
			outputFileListPaths = (
			);
			outputPaths = (
				"$(DERIVED_FILE_DIR)/Pods-Movie-MovieUITests-checkManifestLockResult.txt",
			);
			runOnlyForDeploymentPostprocessing = 0;
			shellPath = /bin/sh;
			shellScript = "diff \"${PODS_PODFILE_DIR_PATH}/Podfile.lock\" \"${PODS_ROOT}/Manifest.lock\" > /dev/null\nif [ $? != 0 ] ; then\n    # print error to STDERR\n    echo \"error: The sandbox is not in sync with the Podfile.lock. Run 'pod install' or update your CocoaPods installation.\" >&2\n    exit 1\nfi\n# This output is used by Xcode 'outputs' to avoid re-running this script phase.\necho \"SUCCESS\" > \"${SCRIPT_OUTPUT_FILE_0}\"\n";
			showEnvVarsInLog = 0;
		};
		9A95FC724C1AABB28C4AD653 /* [CP] Embed Pods Frameworks */ = {
			isa = PBXShellScriptBuildPhase;
			buildActionMask = 2147483647;
			files = (
			);
			inputFileListPaths = (
				"${PODS_ROOT}/Target Support Files/Pods-Movie/Pods-Movie-frameworks-${CONFIGURATION}-input-files.xcfilelist",
			);
			name = "[CP] Embed Pods Frameworks";
			outputFileListPaths = (
				"${PODS_ROOT}/Target Support Files/Pods-Movie/Pods-Movie-frameworks-${CONFIGURATION}-output-files.xcfilelist",
			);
			runOnlyForDeploymentPostprocessing = 0;
			shellPath = /bin/sh;
			shellScript = "\"${PODS_ROOT}/Target Support Files/Pods-Movie/Pods-Movie-frameworks.sh\"\n";
			showEnvVarsInLog = 0;
		};
		B01F263537638403B7F9E9DA /* [CP] Check Pods Manifest.lock */ = {
			isa = PBXShellScriptBuildPhase;
			buildActionMask = 2147483647;
			files = (
			);
			inputFileListPaths = (
			);
			inputPaths = (
				"${PODS_PODFILE_DIR_PATH}/Podfile.lock",
				"${PODS_ROOT}/Manifest.lock",
			);
			name = "[CP] Check Pods Manifest.lock";
			outputFileListPaths = (
			);
			outputPaths = (
				"$(DERIVED_FILE_DIR)/Pods-MovieTests-checkManifestLockResult.txt",
			);
			runOnlyForDeploymentPostprocessing = 0;
			shellPath = /bin/sh;
			shellScript = "diff \"${PODS_PODFILE_DIR_PATH}/Podfile.lock\" \"${PODS_ROOT}/Manifest.lock\" > /dev/null\nif [ $? != 0 ] ; then\n    # print error to STDERR\n    echo \"error: The sandbox is not in sync with the Podfile.lock. Run 'pod install' or update your CocoaPods installation.\" >&2\n    exit 1\nfi\n# This output is used by Xcode 'outputs' to avoid re-running this script phase.\necho \"SUCCESS\" > \"${SCRIPT_OUTPUT_FILE_0}\"\n";
			showEnvVarsInLog = 0;
		};
		D5D83715F6517A44294BF52B /* [CP] Check Pods Manifest.lock */ = {
			isa = PBXShellScriptBuildPhase;
			buildActionMask = 2147483647;
			files = (
			);
			inputFileListPaths = (
			);
			inputPaths = (
				"${PODS_PODFILE_DIR_PATH}/Podfile.lock",
				"${PODS_ROOT}/Manifest.lock",
			);
			name = "[CP] Check Pods Manifest.lock";
			outputFileListPaths = (
			);
			outputPaths = (
				"$(DERIVED_FILE_DIR)/Pods-Movie-checkManifestLockResult.txt",
			);
			runOnlyForDeploymentPostprocessing = 0;
			shellPath = /bin/sh;
			shellScript = "diff \"${PODS_PODFILE_DIR_PATH}/Podfile.lock\" \"${PODS_ROOT}/Manifest.lock\" > /dev/null\nif [ $? != 0 ] ; then\n    # print error to STDERR\n    echo \"error: The sandbox is not in sync with the Podfile.lock. Run 'pod install' or update your CocoaPods installation.\" >&2\n    exit 1\nfi\n# This output is used by Xcode 'outputs' to avoid re-running this script phase.\necho \"SUCCESS\" > \"${SCRIPT_OUTPUT_FILE_0}\"\n";
			showEnvVarsInLog = 0;
		};
/* End PBXShellScriptBuildPhase section */

/* Begin PBXSourcesBuildPhase section */
		0C237AA925DDEBC9003764A8 /* Sources */ = {
			isa = PBXSourcesBuildPhase;
			buildActionMask = 2147483647;
			files = (
				0C237AB125DDEBC9003764A8 /* AppDelegate.swift in Sources */,
				0C237AB325DDEBC9003764A8 /* SceneDelegate.swift in Sources */,
				0C237AEC25DDF9F4003764A8 /* MovieCell.swift in Sources */,
				0C237AE725DDEC73003764A8 /* MovieViewController.swift in Sources */,
			);
			runOnlyForDeploymentPostprocessing = 0;
		};
		0C237ABF25DDEBCA003764A8 /* Sources */ = {
			isa = PBXSourcesBuildPhase;
			buildActionMask = 2147483647;
			files = (
				0C237AC825DDEBCA003764A8 /* MovieTests.swift in Sources */,
			);
			runOnlyForDeploymentPostprocessing = 0;
		};
		0C237ACA25DDEBCA003764A8 /* Sources */ = {
			isa = PBXSourcesBuildPhase;
			buildActionMask = 2147483647;
			files = (
				0C237AD325DDEBCA003764A8 /* MovieUITests.swift in Sources */,
			);
			runOnlyForDeploymentPostprocessing = 0;
		};
/* End PBXSourcesBuildPhase section */

/* Begin PBXTargetDependency section */
		0C237AC525DDEBCA003764A8 /* PBXTargetDependency */ = {
			isa = PBXTargetDependency;
			target = 0C237AAC25DDEBC9003764A8 /* Movie */;
			targetProxy = 0C237AC425DDEBCA003764A8 /* PBXContainerItemProxy */;
		};
		0C237AD025DDEBCA003764A8 /* PBXTargetDependency */ = {
			isa = PBXTargetDependency;
			target = 0C237AAC25DDEBC9003764A8 /* Movie */;
			targetProxy = 0C237ACF25DDEBCA003764A8 /* PBXContainerItemProxy */;
		};
/* End PBXTargetDependency section */

/* Begin PBXVariantGroup section */
		0C237AB625DDEBC9003764A8 /* Main.storyboard */ = {
			isa = PBXVariantGroup;
			children = (
				0C237AB725DDEBC9003764A8 /* Base */,
			);
			name = Main.storyboard;
			sourceTree = "<group>";
		};
		0C237ABB25DDEBCA003764A8 /* LaunchScreen.storyboard */ = {
			isa = PBXVariantGroup;
			children = (
				0C237ABC25DDEBCA003764A8 /* Base */,
			);
			name = LaunchScreen.storyboard;
			sourceTree = "<group>";
		};
/* End PBXVariantGroup section */

/* Begin XCBuildConfiguration section */
		0C237AD525DDEBCA003764A8 /* Debug */ = {
			isa = XCBuildConfiguration;
			buildSettings = {
				ALWAYS_SEARCH_USER_PATHS = NO;
				CLANG_ANALYZER_NONNULL = YES;
				CLANG_ANALYZER_NUMBER_OBJECT_CONVERSION = YES_AGGRESSIVE;
				CLANG_CXX_LANGUAGE_STANDARD = "gnu++14";
				CLANG_CXX_LIBRARY = "libc++";
				CLANG_ENABLE_MODULES = YES;
				CLANG_ENABLE_OBJC_ARC = YES;
				CLANG_ENABLE_OBJC_WEAK = YES;
				CLANG_WARN_BLOCK_CAPTURE_AUTORELEASING = YES;
				CLANG_WARN_BOOL_CONVERSION = YES;
				CLANG_WARN_COMMA = YES;
				CLANG_WARN_CONSTANT_CONVERSION = YES;
				CLANG_WARN_DEPRECATED_OBJC_IMPLEMENTATIONS = YES;
				CLANG_WARN_DIRECT_OBJC_ISA_USAGE = YES_ERROR;
				CLANG_WARN_DOCUMENTATION_COMMENTS = YES;
				CLANG_WARN_EMPTY_BODY = YES;
				CLANG_WARN_ENUM_CONVERSION = YES;
				CLANG_WARN_INFINITE_RECURSION = YES;
				CLANG_WARN_INT_CONVERSION = YES;
				CLANG_WARN_NON_LITERAL_NULL_CONVERSION = YES;
				CLANG_WARN_OBJC_IMPLICIT_RETAIN_SELF = YES;
				CLANG_WARN_OBJC_LITERAL_CONVERSION = YES;
				CLANG_WARN_OBJC_ROOT_CLASS = YES_ERROR;
				CLANG_WARN_QUOTED_INCLUDE_IN_FRAMEWORK_HEADER = YES;
				CLANG_WARN_RANGE_LOOP_ANALYSIS = YES;
				CLANG_WARN_STRICT_PROTOTYPES = YES;
				CLANG_WARN_SUSPICIOUS_MOVE = YES;
				CLANG_WARN_UNGUARDED_AVAILABILITY = YES_AGGRESSIVE;
				CLANG_WARN_UNREACHABLE_CODE = YES;
				CLANG_WARN__DUPLICATE_METHOD_MATCH = YES;
				COPY_PHASE_STRIP = NO;
				DEBUG_INFORMATION_FORMAT = dwarf;
				ENABLE_STRICT_OBJC_MSGSEND = YES;
				ENABLE_TESTABILITY = YES;
				GCC_C_LANGUAGE_STANDARD = gnu11;
				GCC_DYNAMIC_NO_PIC = NO;
				GCC_NO_COMMON_BLOCKS = YES;
				GCC_OPTIMIZATION_LEVEL = 0;
				GCC_PREPROCESSOR_DEFINITIONS = (
					"DEBUG=1",
					"$(inherited)",
				);
				GCC_WARN_64_TO_32_BIT_CONVERSION = YES;
				GCC_WARN_ABOUT_RETURN_TYPE = YES_ERROR;
				GCC_WARN_UNDECLARED_SELECTOR = YES;
				GCC_WARN_UNINITIALIZED_AUTOS = YES_AGGRESSIVE;
				GCC_WARN_UNUSED_FUNCTION = YES;
				GCC_WARN_UNUSED_VARIABLE = YES;
				IPHONEOS_DEPLOYMENT_TARGET = 14.4;
				MTL_ENABLE_DEBUG_INFO = INCLUDE_SOURCE;
				MTL_FAST_MATH = YES;
				ONLY_ACTIVE_ARCH = YES;
				SDKROOT = iphoneos;
				SWIFT_ACTIVE_COMPILATION_CONDITIONS = DEBUG;
				SWIFT_OPTIMIZATION_LEVEL = "-Onone";
			};
			name = Debug;
		};
		0C237AD625DDEBCA003764A8 /* Release */ = {
			isa = XCBuildConfiguration;
			buildSettings = {
				ALWAYS_SEARCH_USER_PATHS = NO;
				CLANG_ANALYZER_NONNULL = YES;
				CLANG_ANALYZER_NUMBER_OBJECT_CONVERSION = YES_AGGRESSIVE;
				CLANG_CXX_LANGUAGE_STANDARD = "gnu++14";
				CLANG_CXX_LIBRARY = "libc++";
				CLANG_ENABLE_MODULES = YES;
				CLANG_ENABLE_OBJC_ARC = YES;
				CLANG_ENABLE_OBJC_WEAK = YES;
				CLANG_WARN_BLOCK_CAPTURE_AUTORELEASING = YES;
				CLANG_WARN_BOOL_CONVERSION = YES;
				CLANG_WARN_COMMA = YES;
				CLANG_WARN_CONSTANT_CONVERSION = YES;
				CLANG_WARN_DEPRECATED_OBJC_IMPLEMENTATIONS = YES;
				CLANG_WARN_DIRECT_OBJC_ISA_USAGE = YES_ERROR;
				CLANG_WARN_DOCUMENTATION_COMMENTS = YES;
				CLANG_WARN_EMPTY_BODY = YES;
				CLANG_WARN_ENUM_CONVERSION = YES;
				CLANG_WARN_INFINITE_RECURSION = YES;
				CLANG_WARN_INT_CONVERSION = YES;
				CLANG_WARN_NON_LITERAL_NULL_CONVERSION = YES;
				CLANG_WARN_OBJC_IMPLICIT_RETAIN_SELF = YES;
				CLANG_WARN_OBJC_LITERAL_CONVERSION = YES;
				CLANG_WARN_OBJC_ROOT_CLASS = YES_ERROR;
				CLANG_WARN_QUOTED_INCLUDE_IN_FRAMEWORK_HEADER = YES;
				CLANG_WARN_RANGE_LOOP_ANALYSIS = YES;
				CLANG_WARN_STRICT_PROTOTYPES = YES;
				CLANG_WARN_SUSPICIOUS_MOVE = YES;
				CLANG_WARN_UNGUARDED_AVAILABILITY = YES_AGGRESSIVE;
				CLANG_WARN_UNREACHABLE_CODE = YES;
				CLANG_WARN__DUPLICATE_METHOD_MATCH = YES;
				COPY_PHASE_STRIP = NO;
				DEBUG_INFORMATION_FORMAT = "dwarf-with-dsym";
				ENABLE_NS_ASSERTIONS = NO;
				ENABLE_STRICT_OBJC_MSGSEND = YES;
				GCC_C_LANGUAGE_STANDARD = gnu11;
				GCC_NO_COMMON_BLOCKS = YES;
				GCC_WARN_64_TO_32_BIT_CONVERSION = YES;
				GCC_WARN_ABOUT_RETURN_TYPE = YES_ERROR;
				GCC_WARN_UNDECLARED_SELECTOR = YES;
				GCC_WARN_UNINITIALIZED_AUTOS = YES_AGGRESSIVE;
				GCC_WARN_UNUSED_FUNCTION = YES;
				GCC_WARN_UNUSED_VARIABLE = YES;
				IPHONEOS_DEPLOYMENT_TARGET = 14.4;
				MTL_ENABLE_DEBUG_INFO = NO;
				MTL_FAST_MATH = YES;
				SDKROOT = iphoneos;
				SWIFT_COMPILATION_MODE = wholemodule;
				SWIFT_OPTIMIZATION_LEVEL = "-O";
				VALIDATE_PRODUCT = YES;
			};
			name = Release;
		};
		0C237AD825DDEBCA003764A8 /* Debug */ = {
			isa = XCBuildConfiguration;
			baseConfigurationReference = 082578905858851D827464C6 /* Pods-Movie.debug.xcconfig */;
			buildSettings = {
				ASSETCATALOG_COMPILER_APPICON_NAME = AppIcon;
				ASSETCATALOG_COMPILER_GLOBAL_ACCENT_COLOR_NAME = AccentColor;
				CODE_SIGN_STYLE = Automatic;
				INFOPLIST_FILE = Movie/Info.plist;
				LD_RUNPATH_SEARCH_PATHS = (
					"$(inherited)",
					"@executable_path/Frameworks",
				);
				PRODUCT_BUNDLE_IDENTIFIER = "ting.qu.1-stonybrook.edu.Movie";
				PRODUCT_NAME = "$(TARGET_NAME)";
				SWIFT_VERSION = 5.0;
				TARGETED_DEVICE_FAMILY = "1,2";
			};
			name = Debug;
		};
		0C237AD925DDEBCA003764A8 /* Release */ = {
			isa = XCBuildConfiguration;
			baseConfigurationReference = 95403FE701866653D08FF72B /* Pods-Movie.release.xcconfig */;
			buildSettings = {
				ASSETCATALOG_COMPILER_APPICON_NAME = AppIcon;
				ASSETCATALOG_COMPILER_GLOBAL_ACCENT_COLOR_NAME = AccentColor;
				CODE_SIGN_STYLE = Automatic;
				INFOPLIST_FILE = Movie/Info.plist;
				LD_RUNPATH_SEARCH_PATHS = (
					"$(inherited)",
					"@executable_path/Frameworks",
				);
				PRODUCT_BUNDLE_IDENTIFIER = "ting.qu.1-stonybrook.edu.Movie";
				PRODUCT_NAME = "$(TARGET_NAME)";
				SWIFT_VERSION = 5.0;
				TARGETED_DEVICE_FAMILY = "1,2";
			};
			name = Release;
		};
		0C237ADB25DDEBCA003764A8 /* Debug */ = {
			isa = XCBuildConfiguration;
			baseConfigurationReference = 0842D7F7D7C536C9E02F734B /* Pods-MovieTests.debug.xcconfig */;
			buildSettings = {
				ALWAYS_EMBED_SWIFT_STANDARD_LIBRARIES = YES;
				BUNDLE_LOADER = "$(TEST_HOST)";
				CODE_SIGN_STYLE = Automatic;
				INFOPLIST_FILE = MovieTests/Info.plist;
				IPHONEOS_DEPLOYMENT_TARGET = 14.4;
				LD_RUNPATH_SEARCH_PATHS = (
					"$(inherited)",
					"@executable_path/Frameworks",
					"@loader_path/Frameworks",
				);
				PRODUCT_BUNDLE_IDENTIFIER = "ting.qu.1-stonybrook.edu.MovieTests";
				PRODUCT_NAME = "$(TARGET_NAME)";
				SWIFT_VERSION = 5.0;
				TARGETED_DEVICE_FAMILY = "1,2";
				TEST_HOST = "$(BUILT_PRODUCTS_DIR)/Movie.app/Movie";
			};
			name = Debug;
		};
		0C237ADC25DDEBCA003764A8 /* Release */ = {
			isa = XCBuildConfiguration;
			baseConfigurationReference = F9C0DF48566157C7611ED989 /* Pods-MovieTests.release.xcconfig */;
			buildSettings = {
				ALWAYS_EMBED_SWIFT_STANDARD_LIBRARIES = YES;
				BUNDLE_LOADER = "$(TEST_HOST)";
				CODE_SIGN_STYLE = Automatic;
				INFOPLIST_FILE = MovieTests/Info.plist;
				IPHONEOS_DEPLOYMENT_TARGET = 14.4;
				LD_RUNPATH_SEARCH_PATHS = (
					"$(inherited)",
					"@executable_path/Frameworks",
					"@loader_path/Frameworks",
				);
				PRODUCT_BUNDLE_IDENTIFIER = "ting.qu.1-stonybrook.edu.MovieTests";
				PRODUCT_NAME = "$(TARGET_NAME)";
				SWIFT_VERSION = 5.0;
				TARGETED_DEVICE_FAMILY = "1,2";
				TEST_HOST = "$(BUILT_PRODUCTS_DIR)/Movie.app/Movie";
			};
			name = Release;
		};
		0C237ADE25DDEBCA003764A8 /* Debug */ = {
			isa = XCBuildConfiguration;
			baseConfigurationReference = 63FEF4A4C2520B81D6A5BC2C /* Pods-Movie-MovieUITests.debug.xcconfig */;
			buildSettings = {
				ALWAYS_EMBED_SWIFT_STANDARD_LIBRARIES = YES;
				CODE_SIGN_STYLE = Automatic;
				INFOPLIST_FILE = MovieUITests/Info.plist;
				LD_RUNPATH_SEARCH_PATHS = (
					"$(inherited)",
					"@executable_path/Frameworks",
					"@loader_path/Frameworks",
				);
				PRODUCT_BUNDLE_IDENTIFIER = "ting.qu.1-stonybrook.edu.MovieUITests";
				PRODUCT_NAME = "$(TARGET_NAME)";
				SWIFT_VERSION = 5.0;
				TARGETED_DEVICE_FAMILY = "1,2";
				TEST_TARGET_NAME = Movie;
			};
			name = Debug;
		};
		0C237ADF25DDEBCA003764A8 /* Release */ = {
			isa = XCBuildConfiguration;
			baseConfigurationReference = C96DB71D8EE0D70FFD92472B /* Pods-Movie-MovieUITests.release.xcconfig */;
			buildSettings = {
				ALWAYS_EMBED_SWIFT_STANDARD_LIBRARIES = YES;
				CODE_SIGN_STYLE = Automatic;
				INFOPLIST_FILE = MovieUITests/Info.plist;
				LD_RUNPATH_SEARCH_PATHS = (
					"$(inherited)",
					"@executable_path/Frameworks",
					"@loader_path/Frameworks",
				);
				PRODUCT_BUNDLE_IDENTIFIER = "ting.qu.1-stonybrook.edu.MovieUITests";
				PRODUCT_NAME = "$(TARGET_NAME)";
				SWIFT_VERSION = 5.0;
				TARGETED_DEVICE_FAMILY = "1,2";
				TEST_TARGET_NAME = Movie;
			};
			name = Release;
		};
/* End XCBuildConfiguration section */

/* Begin XCConfigurationList section */
		0C237AA825DDEBC9003764A8 /* Build configuration list for PBXProject "Movie" */ = {
			isa = XCConfigurationList;
			buildConfigurations = (
				0C237AD525DDEBCA003764A8 /* Debug */,
				0C237AD625DDEBCA003764A8 /* Release */,
			);
			defaultConfigurationIsVisible = 0;
			defaultConfigurationName = Release;
		};
		0C237AD725DDEBCA003764A8 /* Build configuration list for PBXNativeTarget "Movie" */ = {
			isa = XCConfigurationList;
			buildConfigurations = (
				0C237AD825DDEBCA003764A8 /* Debug */,
				0C237AD925DDEBCA003764A8 /* Release */,
			);
			defaultConfigurationIsVisible = 0;
			defaultConfigurationName = Release;
		};
		0C237ADA25DDEBCA003764A8 /* Build configuration list for PBXNativeTarget "MovieTests" */ = {
			isa = XCConfigurationList;
			buildConfigurations = (
				0C237ADB25DDEBCA003764A8 /* Debug */,
				0C237ADC25DDEBCA003764A8 /* Release */,
			);
			defaultConfigurationIsVisible = 0;
			defaultConfigurationName = Release;
		};
		0C237ADD25DDEBCA003764A8 /* Build configuration list for PBXNativeTarget "MovieUITests" */ = {
			isa = XCConfigurationList;
			buildConfigurations = (
				0C237ADE25DDEBCA003764A8 /* Debug */,
				0C237ADF25DDEBCA003764A8 /* Release */,
			);
			defaultConfigurationIsVisible = 0;
			defaultConfigurationName = Release;
		};
/* End XCConfigurationList section */
	};
	rootObject = 0C237AA525DDEBC9003764A8 /* Project object */;
}
